
Microsoft Visual Studio Solution File, Format Version 12.00
# Visual Studio Version 16
VisualStudioVersion = 16.0.31005.135
MinimumVisualStudioVersion = 10.0.40219.1
Project("{FAE04EC0-301F-11D3-BF4B-00C04F79EFBC}") = "BeehiveManagementSystem", "BeehiveManagementSystem\BeehiveManagementSystem.csproj", "{FE9EB639-DEA3-4385-A3C8-ACC4C092485A}"
EndProject
Global
	GlobalSection(SolutionConfigurationPlatforms) = preSolution
		Debug|Any CPU = Debug|Any CPU
		Release|Any CPU = Release|Any CPU
	EndGlobalSection
	GlobalSection(ProjectConfigurationPlatforms) = postSolution
		{FE9EB639-DEA3-4385-A3C8-ACC4C092485A}.Debug|Any CPU.ActiveCfg = Debug|Any CPU
		{FE9EB639-DEA3-4385-A3C8-ACC4C092485A}.Debug|Any CPU.Build.0 = Debug|Any CPU
		{FE9EB639-DEA3-4385-A3C8-ACC4C092485A}.Release|Any CPU.ActiveCfg = Release|Any CPU
		{FE9EB639-DEA3-4385-A3C8-ACC4C092485A}.Release|Any CPU.Build.0 = Release|Any CPU
	EndGlobalSection
	GlobalSection(SolutionProperties) = preSolution
		HideSolutionNode = FALSE
	EndGlobalSection
	GlobalSection(ExtensibilityGlobals) = postSolution
		SolutionGuid = {1AA0A40C-EAFC-48A6-9605-7B5DE71743A5}
	EndGlobalSection
EndGlobal
